<?xml version="1.0" encoding="utf-8"?>
<Project ToolsVersion="4.0" xmlns="http://schemas.microsoft.com/developer/msbuild/2003">
  <ItemGroup>
    <Filter Include="source">
      <UniqueIdentifier>{4FC737F1-C7A5-4376-A066-2A32D752A2FF}</UniqueIdentifier>
      <Extensions>cpp;c;cc;cxx;def;odl;idl;hpj;bat;asm;asmx</Extensions>
    </Filter>
    <Filter Include="source\main">
      <UniqueIdentifier>{93183e4d-baa3-42a0-8b7b-040b1ce7146f}</UniqueIdentifier>
    </Filter>
    <Filter Include="source\utility">
      <UniqueIdentifier>{dc229ec0-d1a0-4202-8e65-430e7a65f2ed}</UniqueIdentifier>
    </Filter>
    <Filter Include="source\master">
      <UniqueIdentifier>{2fdb1698-53eb-4ca0-900e-20687fee5649}</UniqueIdentifier>
    </Filter>
    <Filter Include="source\scene">
      <UniqueIdentifier>{e4ed048e-73eb-439e-bafa-3ac8937668af}</UniqueIdentifier>
    </Filter>
    <Filter Include="source\sound">
      <UniqueIdentifier>{f3f8e8d4-e304-425b-bd6b-7486b866340c}</UniqueIdentifier>
    </Filter>
    <Filter Include="source\stream">
      <UniqueIdentifier>{c824e8b8-8d8f-435c-904d-419cf21581c0}</UniqueIdentifier>
    </Filter>
    <Filter Include="source\render">
      <UniqueIdentifier>{435bf864-5162-4eac-8b87-18262e1e86ed}</UniqueIdentifier>
    </Filter>
    <Filter Include="source\3d">
      <UniqueIdentifier>{2724e0b3-e7f3-4c56-bdf3-6f1e4bcbf2c2}</UniqueIdentifier>
    </Filter>
    <Filter Include="source\shader">
      <UniqueIdentifier>{097afec4-c908-4840-a463-fa2a44ed6e7d}</UniqueIdentifier>
    </Filter>
    <Filter Include="source\render_utility">
      <UniqueIdentifier>{a4315768-77d4-40e8-8f5f-f180b0d4e560}</UniqueIdentifier>
    </Filter>
    <Filter Include="source\input">
      <UniqueIdentifier>{55f0a383-794e-4a43-9312-6488eda97910}</UniqueIdentifier>
    </Filter>
  </ItemGroup>
  <ItemGroup>
    <ClCompile Include="source\main\main.cpp">
      <Filter>source\main</Filter>
    </ClCompile>
    <ClCompile Include="source\main\WinMain.cpp">
      <Filter>source\main</Filter>
    </ClCompile>
    <ClCompile Include="source\master\MasterData.cpp">
      <Filter>source\master</Filter>
    </ClCompile>
    <ClCompile Include="source\scene\SceneInitialize.cpp">
      <Filter>source\scene</Filter>
    </ClCompile>
    <ClCompile Include="source\scene\SceneTitle.cpp">
      <Filter>source\scene</Filter>
    </ClCompile>
    <ClCompile Include="source\sound\SoundManager.cpp">
      <Filter>source\sound</Filter>
    </ClCompile>
    <ClCompile Include="source\scene\SceneOption.cpp">
      <Filter>source\scene</Filter>
    </ClCompile>
    <ClCompile Include="source\stream\BinaryReader.cpp">
      <Filter>source\stream</Filter>
    </ClCompile>
    <ClCompile Include="source\stream\FileStream.cpp">
      <Filter>source\stream</Filter>
    </ClCompile>
    <ClCompile Include="source\stream\MemoryStream.cpp">
      <Filter>source\stream</Filter>
    </ClCompile>
    <ClCompile Include="source\scene\SceneGame.cpp">
      <Filter>source\scene</Filter>
    </ClCompile>
    <ClCompile Include="source\main\Device.cpp">
      <Filter>source\main</Filter>
    </ClCompile>
    <ClCompile Include="source\render\Renderer.cpp">
      <Filter>source\render</Filter>
    </ClCompile>
    <ClCompile Include="source\render\Texture.cpp">
      <Filter>source\render</Filter>
    </ClCompile>
    <ClCompile Include="source\render\Color.cpp">
      <Filter>source\render</Filter>
    </ClCompile>
    <ClCompile Include="source\3d\Camera.cpp">
      <Filter>source\3d</Filter>
    </ClCompile>
    <ClCompile Include="source\3d\DebugCamera.cpp">
      <Filter>source\3d</Filter>
    </ClCompile>
    <ClCompile Include="source\3d\Model.cpp">
      <Filter>source\3d</Filter>
    </ClCompile>
    <ClCompile Include="source\3d\SkinModel.cpp">
      <Filter>source\3d</Filter>
    </ClCompile>
    <ClCompile Include="source\shader\Shader.cpp">
      <Filter>source\shader</Filter>
    </ClCompile>
    <ClCompile Include="source\shader\BlurShader.cpp">
      <Filter>source\shader</Filter>
    </ClCompile>
    <ClCompile Include="source\shader\RasterScrollShader.cpp">
      <Filter>source\shader</Filter>
    </ClCompile>
    <ClCompile Include="source\render_utility\RasterScroll.cpp">
      <Filter>source\render_utility</Filter>
    </ClCompile>
    <ClCompile Include="source\utility\bezier.cpp">
      <Filter>source\utility</Filter>
    </ClCompile>
    <ClCompile Include="source\utility\ConsoleManager.cpp">
      <Filter>source\utility</Filter>
    </ClCompile>
    <ClCompile Include="source\utility\counter.cpp">
      <Filter>source\utility</Filter>
    </ClCompile>
    <ClCompile Include="source\utility\DeviceManager.cpp">
      <Filter>source\utility</Filter>
    </ClCompile>
    <ClCompile Include="source\utility\FadeManager.cpp">
      <Filter>source\utility</Filter>
    </ClCompile>
    <ClCompile Include="source\utility\InOutAnimation.cpp">
      <Filter>source\utility</Filter>
    </ClCompile>
    <ClCompile Include="source\utility\SceneManager.cpp">
      <Filter>source\utility</Filter>
    </ClCompile>
    <ClCompile Include="source\utility\Unpacker.cpp">
      <Filter>source\utility</Filter>
    </ClCompile>
    <ClCompile Include="source\input\Key.cpp">
      <Filter>source\input</Filter>
    </ClCompile>
    <ClCompile Include="source\input\Mouse.cpp">
      <Filter>source\input</Filter>
    </ClCompile>
  </ItemGroup>
  <ItemGroup>
    <ClInclude Include="source\main\main.h">
      <Filter>source\main</Filter>
    </ClInclude>
    <ClInclude Include="source\main\WinMain.h">
      <Filter>source\main</Filter>
    </ClInclude>
    <ClInclude Include="source\master\MasterData.hpp">
      <Filter>source\master</Filter>
    </ClInclude>
    <ClInclude Include="source\scene\SceneBase.h">
      <Filter>source\scene</Filter>
    </ClInclude>
    <ClInclude Include="source\scene\SceneList.h">
      <Filter>source\scene</Filter>
    </ClInclude>
    <ClInclude Include="source\scene\SceneInitialize.h">
      <Filter>source\scene</Filter>
    </ClInclude>
    <ClInclude Include="source\scene\SceneTitle.h">
      <Filter>source\scene</Filter>
    </ClInclude>
    <ClInclude Include="source\sound\Bgm.h">
      <Filter>source\sound</Filter>
    </ClInclude>
    <ClInclude Include="source\sound\Se.h">
      <Filter>source\sound</Filter>
    </ClInclude>
    <ClInclude Include="source\sound\SoundManager.h">
      <Filter>source\sound</Filter>
    </ClInclude>
    <ClInclude Include="source\scene\SceneOption.h">
      <Filter>source\scene</Filter>
    </ClInclude>
    <ClInclude Include="source\stream\BinaryReader.hpp">
      <Filter>source\stream</Filter>
    </ClInclude>
    <ClInclude Include="source\stream\FileStream.hpp">
      <Filter>source\stream</Filter>
    </ClInclude>
    <ClInclude Include="source\stream\MemoryStream.hpp">
      <Filter>source\stream</Filter>
    </ClInclude>
    <ClInclude Include="source\stream\Stream.hpp">
      <Filter>source\stream</Filter>
    </ClInclude>
    <ClInclude Include="source\scene\SceneGame.h">
      <Filter>source\scene</Filter>
    </ClInclude>
    <ClInclude Include="source\main\Device.h">
      <Filter>source\main</Filter>
    </ClInclude>
    <ClInclude Include="source\render\Renderer.h">
      <Filter>source\render</Filter>
    </ClInclude>
    <ClInclude Include="source\render\Texture.h">
      <Filter>source\render</Filter>
    </ClInclude>
    <ClInclude Include="source\render\TextureFormat.h">
      <Filter>source\render</Filter>
    </ClInclude>
    <ClInclude Include="source\render\Color.h">
      <Filter>source\render</Filter>
    </ClInclude>
    <ClInclude Include="source\3d\Camera.h">
      <Filter>source\3d</Filter>
    </ClInclude>
    <ClInclude Include="source\3d\DebugCamera.h">
      <Filter>source\3d</Filter>
    </ClInclude>
    <ClInclude Include="source\3d\Model.h">
      <Filter>source\3d</Filter>
    </ClInclude>
    <ClInclude Include="source\3d\SkinModel.h">
      <Filter>source\3d</Filter>
    </ClInclude>
    <ClInclude Include="source\shader\BlurShader.h">
      <Filter>source\shader</Filter>
    </ClInclude>
    <ClInclude Include="source\shader\Shader.h">
      <Filter>source\shader</Filter>
    </ClInclude>
    <ClInclude Include="source\shader\RasterScrollShader.h">
      <Filter>source\shader</Filter>
    </ClInclude>
    <ClInclude Include="source\render_utility\RasterScroll.h">
      <Filter>source\render_utility</Filter>
    </ClInclude>
    <ClInclude Include="source\utility\bezier.h">
      <Filter>source\utility</Filter>
    </ClInclude>
    <ClInclude Include="source\utility\ConsoleManager.h">
      <Filter>source\utility</Filter>
    </ClInclude>
    <ClInclude Include="source\utility\counter.h">
      <Filter>source\utility</Filter>
    </ClInclude>
    <ClInclude Include="source\utility\DeviceManager.h">
      <Filter>source\utility</Filter>
    </ClInclude>
    <ClInclude Include="source\utility\FadeManager.h">
      <Filter>source\utility</Filter>
    </ClInclude>
    <ClInclude Include="source\utility\FileUtility.hpp">
      <Filter>source\utility</Filter>
    </ClInclude>
    <ClInclude Include="source\utility\InOutAnimation.h">
      <Filter>source\utility</Filter>
    </ClInclude>
    <ClInclude Include="source\utility\KeyUtility.hpp">
      <Filter>source\utility</Filter>
    </ClInclude>
    <ClInclude Include="source\utility\PathUtility.hpp">
      <Filter>source\utility</Filter>
    </ClInclude>
    <ClInclude Include="source\utility\SceneManager.h">
      <Filter>source\utility</Filter>
    </ClInclude>
    <ClInclude Include="source\utility\StateManager.h">
      <Filter>source\utility</Filter>
    </ClInclude>
    <ClInclude Include="source\utility\StreamReader.hpp">
      <Filter>source\utility</Filter>
    </ClInclude>
    <ClInclude Include="source\utility\Unpacker.hpp">
      <Filter>source\utility</Filter>
    </ClInclude>
    <ClInclude Include="source\utility\Utility.hpp">
      <Filter>source\utility</Filter>
    </ClInclude>
    <ClInclude Include="source\input\Key.h">
      <Filter>source\input</Filter>
    </ClInclude>
    <ClInclude Include="source\input\Mouse.h">
      <Filter>source\input</Filter>
    </ClInclude>
  </ItemGroup>
</Project>